a999311c4ccfecf18b7c7beb7a7a31682bb009839ab3827164fa2f8c333fc9dd  LICENSE.upstream
9fd8dad11a38629dc33770ee34ad60eb1320e3e0f20b04da4f6b71b7778a8e3d  api/hurl/articles.hurl
07f4fc200bc0b6fd05082f98a40731b6c65fce13836dd66920232f17a79ce480  api/hurl/auth.hurl
327e73f67e0e13749db480087bfb690e9360c422bf9776f5ff80862055fd3cdd  api/hurl/comments.hurl
b04e73edf2219f3ffe482483ea34cba2486da478a1fe3e7ed2346116296047e4  api/hurl/errors_articles.hurl
b96c9b7b486ef350b1ba7e2844227fb9ed50642274debbd16b8b85ccb9f73a6c  api/hurl/errors_auth.hurl
ee6e64b4bff8b253cc8e2189b7abf9f5b4cfe24c5cfdfc8c415567ea928bdb2f  api/hurl/errors_authorization.hurl
65872755780cc65bb8b9a6ec087ce2375bed42f4f86046d7714d8de02e87013a  api/hurl/errors_comments.hurl
1dcd3e85726472d1a118c2b85feb820130d954b2fa890d382e2b2729cb2ccf46  api/hurl/errors_profiles.hurl
ce1fa01173cd34e791610ea91fac465823610de35f8b67634a486d73798ffe68  api/hurl/favorites.hurl
d6139d2ae6515f5f55bf940272844b2e9c93c06a0c4995e6310c0c24aa75ce77  api/hurl/feed.hurl
98840a2bb0ea37a02625f05c8bd16b32bf574d2f81b6b2d170c76b67c3ac3b81  api/hurl/pagination.hurl
8f23c34591c2ca5b643b040e4bf289838c5edf4f1d5cda153973d3cdfe2c2b9f  api/hurl/profiles.hurl
0963fed23def3a1a4caf79a1c97e928480a9d6ceb18d0188ac386229bfbfebaa  api/hurl/run-hurl-tests.sh
0fbefb82fedec23bcc5fda85d3d3dc1cfd3c1fe356df3f9beb3076b514056f89  api/hurl/tags.hurl
227d6983874850d35a883f4486b455cedbb272a0c103008595873c94ae1600ac  api/openapi.yml
3c72bb181f9428cd50395eb01678f6f2a3150939e10628698128a323d8a59708  api/run-api-tests-hurl.sh
c3d786c2acc6bd2a5ed08569fde605b1249ebac2ae868c686985d21b97637abd  e2e/SELECTORS.md
a480adc07f718de78f9c37f4ee24b1397a99d7024ff067c91d2f03eb60b18171  e2e/articles.spec.ts
45a781d8bc353413eef10f575f9db7765774454ee592915eb2b369b61ccba76e  e2e/auth.spec.ts
fad532a24cd2944bb679fcac48553f8d9fe95dd559a48b94014b198101f94593  e2e/comments.spec.ts
1ab3e37ed96ddeb13e071d50dc1c4edccf6897657f80521fec0f554ad30886c6  e2e/error-handling.spec.ts
81546efe698c8bc1d1f197801af82d00e77d717f719fd8708d62ea46637fd099  e2e/health.spec.ts
67ba561a258b996570d4d31b712457fbe776a1c937b30b6cc3ee22e05eb00315  e2e/helpers/api.ts
76c6f7f9b1813cf3060be53288768036b67664affbdac9b0a471b0751846674e  e2e/helpers/articles.ts
54f09d7b8b647340ac1321e5612036557c80743a24fba0ceeaa7c8aef4ca3ec5  e2e/helpers/auth.ts
9e54b47c166498b2823e205717c258c8667b3d9b92921009a369f2360e31a096  e2e/helpers/comments.ts
b8d18b2b0cd007c2ece7b7ef4c8d1d5893c83bedceac1298fb0e79e03aaf733c  e2e/helpers/config.ts
07d037e88a279354dd9368f0380fb3e12b292dc52e96be04ef2c7f94b4e7e0f4  e2e/helpers/debug.ts
3509e80e25e09c5ea7704f5a537d822eedfadd66bcd8ff6cf82a1a5e5b4c72f2  e2e/helpers/profile.ts
8d25fd26b59dd7fc38dc5178cca65467c79854f809807f83ea221e2af8fdb7a1  e2e/helpers/setup.ts
388296af54e85da0fcce95f8f22871787f6a1c4b8c583fdba3c740dfa2b60d82  e2e/navigation.spec.ts
d01b6083e231d93f0abea926e2756563a1e2ba39758252e154cd5abee0b04069  e2e/null-fields.spec.ts
67032d3cbb51e64b1e31db336d7c6d45f6d18becd099584e49c75e7ff69b6387  e2e/playwright.base.ts
a6da288c62292c6038d42fd9f256d8c68b5e3462b35aa037edd61a4b3a5294a2  e2e/settings.spec.ts
f44475ba7fdeac4edcfab790bb3787601909bb5c0799c39ad39810fd0879e935  e2e/social.spec.ts
b8aa177acd958ed168bb1ea73cd281e380c1ee0650a51274c43e01fba932869d  e2e/url-navigation.spec.ts
5311db1d2f6fdc0b72570c68af95a03407f77af782ad8a1bc3afac19b608cf2d  e2e/user-fetch-errors.spec.ts
f68bccbeb3f08ba1c1cacd6825ad3f177d92d9f0ecf9d59118a8f74d6382a50a  e2e/xss-security.spec.ts
f4b3d6224f725fc0ba08a943d931d341082e57cc8dac3a7cf7fff5b93b7a750c  theme/styles.css
